// !$*UTF8*$!
{
	archiveVersion = 1;
	classes = {
	};
	objectVersion = 51;
	objects = {

/* Begin PBXBuildFile section */
		4B78D62860713364F2AF351E /* Pods_ParstagramTests.framework in Frameworks */ = {isa = PBXBuildFile; fileRef = 55885373CCD320B49E571882 /* Pods_ParstagramTests.framework */; };
		4E03BF022543838000EFE3EF /* AppDelegate.swift in Sources */ = {isa = PBXBuildFile; fileRef = 4E03BF012543838000EFE3EF /* AppDelegate.swift */; };
		4E03BF042543838000EFE3EF /* SceneDelegate.swift in Sources */ = {isa = PBXBuildFile; fileRef = 4E03BF032543838000EFE3EF /* SceneDelegate.swift */; };
		4E03BF092543838000EFE3EF /* Main.storyboard in Resources */ = {isa = PBXBuildFile; fileRef = 4E03BF072543838000EFE3EF /* Main.storyboard */; };
		4E03BF0B2543838300EFE3EF /* Assets.xcassets in Resources */ = {isa = PBXBuildFile; fileRef = 4E03BF0A2543838300EFE3EF /* Assets.xcassets */; };
		4E03BF0E2543838300EFE3EF /* LaunchScreen.storyboard in Resources */ = {isa = PBXBuildFile; fileRef = 4E03BF0C2543838300EFE3EF /* LaunchScreen.storyboard */; };
		4E03BF192543838300EFE3EF /* ParstagramTests.swift in Sources */ = {isa = PBXBuildFile; fileRef = 4E03BF182543838300EFE3EF /* ParstagramTests.swift */; };
		4E03BF242543838300EFE3EF /* ParstagramUITests.swift in Sources */ = {isa = PBXBuildFile; fileRef = 4E03BF232543838300EFE3EF /* ParstagramUITests.swift */; };
		4E03BF322543880000EFE3EF /* LoginViewController.swift in Sources */ = {isa = PBXBuildFile; fileRef = 4E03BF312543880000EFE3EF /* LoginViewController.swift */; };
		4E03BF342543881C00EFE3EF /* FeedViewController.swift in Sources */ = {isa = PBXBuildFile; fileRef = 4E03BF332543881C00EFE3EF /* FeedViewController.swift */; };
		4E03BF362543911C00EFE3EF /* CameraViewController.swift in Sources */ = {isa = PBXBuildFile; fileRef = 4E03BF352543911C00EFE3EF /* CameraViewController.swift */; };
		4E03BF3825439FF800EFE3EF /* PostCell.swift in Sources */ = {isa = PBXBuildFile; fileRef = 4E03BF3725439FF800EFE3EF /* PostCell.swift */; };
		4E979C12254CA2F400244AFC /* CommentCell.swift in Sources */ = {isa = PBXBuildFile; fileRef = 4E979C11254CA2F400244AFC /* CommentCell.swift */; };
		CF53D48CBE953239E4F5B9F2 /* Pods_Parstagram_ParstagramUITests.framework in Frameworks */ = {isa = PBXBuildFile; fileRef = 4E4832F5E00B17BCFE8EA8CD /* Pods_Parstagram_ParstagramUITests.framework */; };
		FBC2205FCC4D4DACB47FEC2F /* Pods_Parstagram.framework in Frameworks */ = {isa = PBXBuildFile; fileRef = 74BE3CF300385EE36D5DC7CB /* Pods_Parstagram.framework */; };
/* End PBXBuildFile section */

/* Begin PBXContainerItemProxy section */
		4E03BF152543838300EFE3EF /* PBXContainerItemProxy */ = {
			isa = PBXContainerItemProxy;
			containerPortal = 4E03BEF62543837F00EFE3EF /* Project object */;
			proxyType = 1;
			remoteGlobalIDString = 4E03BEFD2543838000EFE3EF;
			remoteInfo = Parstagram;
		};
		4E03BF202543838300EFE3EF /* PBXContainerItemProxy */ = {
			isa = PBXContainerItemProxy;
			containerPortal = 4E03BEF62543837F00EFE3EF /* Project object */;
			proxyType = 1;
			remoteGlobalIDString = 4E03BEFD2543838000EFE3EF;
			remoteInfo = Parstagram;
		};
/* End PBXContainerItemProxy section */

/* Begin PBXFileReference section */
		0640BDBBB346DDEB6131A53C /* Pods-ParstagramTests.release.xcconfig */ = {isa = PBXFileReference; includeInIndex = 1; lastKnownFileType = text.xcconfig; name = "Pods-ParstagramTests.release.xcconfig"; path = "Target Support Files/Pods-ParstagramTests/Pods-ParstagramTests.release.xcconfig"; sourceTree = "<group>"; };
		34F69C5406335450C8E6CC5E /* Pods-Parstagram.debug.xcconfig */ = {isa = PBXFileReference; includeInIndex = 1; lastKnownFileType = text.xcconfig; name = "Pods-Parstagram.debug.xcconfig"; path = "Target Support Files/Pods-Parstagram/Pods-Parstagram.debug.xcconfig"; sourceTree = "<group>"; };
		4E03BEFE2543838000EFE3EF /* Parstagram.app */ = {isa = PBXFileReference; explicitFileType = wrapper.application; includeInIndex = 0; path = Parstagram.app; sourceTree = BUILT_PRODUCTS_DIR; };
		4E03BF012543838000EFE3EF /* AppDelegate.swift */ = {isa = PBXFileReference; lastKnownFileType = sourcecode.swift; path = AppDelegate.swift; sourceTree = "<group>"; };
		4E03BF032543838000EFE3EF /* SceneDelegate.swift */ = {isa = PBXFileReference; lastKnownFileType = sourcecode.swift; path = SceneDelegate.swift; sourceTree = "<group>"; };
		4E03BF082543838000EFE3EF /* Base */ = {isa = PBXFileReference; lastKnownFileType = file.storyboard; name = Base; path = Base.lproj/Main.storyboard; sourceTree = "<group>"; };
		4E03BF0A2543838300EFE3EF /* Assets.xcassets */ = {isa = PBXFileReference; lastKnownFileType = folder.assetcatalog; path = Assets.xcassets; sourceTree = "<group>"; };
		4E03BF0D2543838300EFE3EF /* Base */ = {isa = PBXFileReference; lastKnownFileType = file.storyboard; name = Base; path = Base.lproj/LaunchScreen.storyboard; sourceTree = "<group>"; };
		4E03BF0F2543838300EFE3EF /* Info.plist */ = {isa = PBXFileReference; lastKnownFileType = text.plist.xml; path = Info.plist; sourceTree = "<group>"; };
		4E03BF142543838300EFE3EF /* ParstagramTests.xctest */ = {isa = PBXFileReference; explicitFileType = wrapper.cfbundle; includeInIndex = 0; path = ParstagramTests.xctest; sourceTree = BUILT_PRODUCTS_DIR; };
		4E03BF182543838300EFE3EF /* ParstagramTests.swift */ = {isa = PBXFileReference; lastKnownFileType = sourcecode.swift; path = ParstagramTests.swift; sourceTree = "<group>"; };
		4E03BF1A2543838300EFE3EF /* Info.plist */ = {isa = PBXFileReference; lastKnownFileType = text.plist.xml; path = Info.plist; sourceTree = "<group>"; };
		4E03BF1F2543838300EFE3EF /* ParstagramUITests.xctest */ = {isa = PBXFileReference; explicitFileType = wrapper.cfbundle; includeInIndex = 0; path = ParstagramUITests.xctest; sourceTree = BUILT_PRODUCTS_DIR; };
		4E03BF232543838300EFE3EF /* ParstagramUITests.swift */ = {isa = PBXFileReference; lastKnownFileType = sourcecode.swift; path = ParstagramUITests.swift; sourceTree = "<group>"; };
		4E03BF252543838300EFE3EF /* Info.plist */ = {isa = PBXFileReference; lastKnownFileType = text.plist.xml; path = Info.plist; sourceTree = "<group>"; };
		4E03BF312543880000EFE3EF /* LoginViewController.swift */ = {isa = PBXFileReference; lastKnownFileType = sourcecode.swift; path = LoginViewController.swift; sourceTree = "<group>"; };
		4E03BF332543881C00EFE3EF /* FeedViewController.swift */ = {isa = PBXFileReference; lastKnownFileType = sourcecode.swift; path = FeedViewController.swift; sourceTree = "<group>"; };
		4E03BF352543911C00EFE3EF /* CameraViewController.swift */ = {isa = PBXFileReference; lastKnownFileType = sourcecode.swift; path = CameraViewController.swift; sourceTree = "<group>"; };
		4E03BF3725439FF800EFE3EF /* PostCell.swift */ = {isa = PBXFileReference; lastKnownFileType = sourcecode.swift; path = PostCell.swift; sourceTree = "<group>"; };
		4E4832F5E00B17BCFE8EA8CD /* Pods_Parstagram_ParstagramUITests.framework */ = {isa = PBXFileReference; explicitFileType = wrapper.framework; includeInIndex = 0; path = Pods_Parstagram_ParstagramUITests.framework; sourceTree = BUILT_PRODUCTS_DIR; };
		4E979C11254CA2F400244AFC /* CommentCell.swift */ = {isa = PBXFileReference; lastKnownFileType = sourcecode.swift; path = CommentCell.swift; sourceTree = "<group>"; };
		55885373CCD320B49E571882 /* Pods_ParstagramTests.framework */ = {isa = PBXFileReference; explicitFileType = wrapper.framework; includeInIndex = 0; path = Pods_ParstagramTests.framework; sourceTree = BUILT_PRODUCTS_DIR; };
		74BE3CF300385EE36D5DC7CB /* Pods_Parstagram.framework */ = {isa = PBXFileReference; explicitFileType = wrapper.framework; includeInIndex = 0; path = Pods_Parstagram.framework; sourceTree = BUILT_PRODUCTS_DIR; };
		7E588ADBE53834E0F34016A8 /* Pods-Parstagram-ParstagramUITests.release.xcconfig */ = {isa = PBXFileReference; includeInIndex = 1; lastKnownFileType = text.xcconfig; name = "Pods-Parstagram-ParstagramUITests.release.xcconfig"; path = "Target Support Files/Pods-Parstagram-ParstagramUITests/Pods-Parstagram-ParstagramUITests.release.xcconfig"; sourceTree = "<group>"; };
		AAFD815C4739D90854B74853 /* Pods-Parstagram.release.xcconfig */ = {isa = PBXFileReference; includeInIndex = 1; lastKnownFileType = text.xcconfig; name = "Pods-Parstagram.release.xcconfig"; path = "Target Support Files/Pods-Parstagram/Pods-Parstagram.release.xcconfig"; sourceTree = "<group>"; };
		CB019D43338B0BC31979176A /* Pods-ParstagramTests.debug.xcconfig */ = {isa = PBXFileReference; includeInIndex = 1; lastKnownFileType = text.xcconfig; name = "Pods-ParstagramTests.debug.xcconfig"; path = "Target Support Files/Pods-ParstagramTests/Pods-ParstagramTests.debug.xcconfig"; sourceTree = "<group>"; };
		F780A0A9355B6705CD05C609 /* Pods-Parstagram-ParstagramUITests.debug.xcconfig */ = {isa = PBXFileReference; includeInIndex = 1; lastKnownFileType = text.xcconfig; name = "Pods-Parstagram-ParstagramUITests.debug.xcconfig"; path = "Target Support Files/Pods-Parstagram-ParstagramUITests/Pods-Parstagram-ParstagramUITests.debug.xcconfig"; sourceTree = "<group>"; };
/* End PBXFileReference section */

/* Begin PBXFrameworksBuildPhase section */
		4E03BEFB2543838000EFE3EF /* Frameworks */ = {
			isa = PBXFrameworksBuildPhase;
			buildActionMask = 2147483647;
			files = (
				FBC2205FCC4D4DACB47FEC2F /* Pods_Parstagram.framework in Frameworks */,
			);
			runOnlyForDeploymentPostprocessing = 0;
		};
		4E03BF112543838300EFE3EF /* Frameworks */ = {
			isa = PBXFrameworksBuildPhase;
			buildActionMask = 2147483647;
			files = (
				4B78D62860713364F2AF351E /* Pods_ParstagramTests.framework in Frameworks */,
			);
			runOnlyForDeploymentPostprocessing = 0;
		};
		4E03BF1C2543838300EFE3EF /* Frameworks */ = {
			isa = PBXFrameworksBuildPhase;
			buildActionMask = 2147483647;
			files = (
				CF53D48CBE953239E4F5B9F2 /* Pods_Parstagram_ParstagramUITests.framework in Frameworks */,
			);
			runOnlyForDeploymentPostprocessing = 0;
		};
/* End PBXFrameworksBuildPhase section */

/* Begin PBXGroup section */
		4E03BEF52543837F00EFE3EF = {
			isa = PBXGroup;
			children = (
				4E03BF002543838000EFE3EF /* Parstagram */,
				4E03BF172543838300EFE3EF /* ParstagramTests */,
				4E03BF222543838300EFE3EF /* ParstagramUITests */,
				4E03BEFF2543838000EFE3EF /* Products */,
				CD560CC16C618C87BE2B561F /* Pods */,
				E110D793AB063329935F8969 /* Frameworks */,
			);
			sourceTree = "<group>";
		};
		4E03BEFF2543838000EFE3EF /* Products */ = {
			isa = PBXGroup;
			children = (
				4E03BEFE2543838000EFE3EF /* Parstagram.app */,
				4E03BF142543838300EFE3EF /* ParstagramTests.xctest */,
				4E03BF1F2543838300EFE3EF /* ParstagramUITests.xctest */,
			);
			name = Products;
			sourceTree = "<group>";
		};
		4E03BF002543838000EFE3EF /* Parstagram */ = {
			isa = PBXGroup;
			children = (
				4E03BF012543838000EFE3EF /* AppDelegate.swift */,
				4E03BF032543838000EFE3EF /* SceneDelegate.swift */,
				4E03BF072543838000EFE3EF /* Main.storyboard */,
				4E979C11254CA2F400244AFC /* CommentCell.swift */,
				4E03BF0A2543838300EFE3EF /* Assets.xcassets */,
				4E03BF0C2543838300EFE3EF /* LaunchScreen.storyboard */,
				4E03BF0F2543838300EFE3EF /* Info.plist */,
				4E03BF312543880000EFE3EF /* LoginViewController.swift */,
				4E03BF332543881C00EFE3EF /* FeedViewController.swift */,
				4E03BF352543911C00EFE3EF /* CameraViewController.swift */,
				4E03BF3725439FF800EFE3EF /* PostCell.swift */,
			);
			path = Parstagram;
			sourceTree = "<group>";
		};
		4E03BF172543838300EFE3EF /* ParstagramTests */ = {
			isa = PBXGroup;
			children = (
				4E03BF182543838300EFE3EF /* ParstagramTests.swift */,
				4E03BF1A2543838300EFE3EF /* Info.plist */,
			);
			path = ParstagramTests;
			sourceTree = "<group>";
		};
		4E03BF222543838300EFE3EF /* ParstagramUITests */ = {
			isa = PBXGroup;
			children = (
				4E03BF232543838300EFE3EF /* ParstagramUITests.swift */,
				4E03BF252543838300EFE3EF /* Info.plist */,
			);
			path = ParstagramUITests;
			sourceTree = "<group>";
		};
		CD560CC16C618C87BE2B561F /* Pods */ = {
			isa = PBXGroup;
			children = (
				34F69C5406335450C8E6CC5E /* Pods-Parstagram.debug.xcconfig */,
				AAFD815C4739D90854B74853 /* Pods-Parstagram.release.xcconfig */,
				F780A0A9355B6705CD05C609 /* Pods-Parstagram-ParstagramUITests.debug.xcconfig */,
				7E588ADBE53834E0F34016A8 /* Pods-Parstagram-ParstagramUITests.release.xcconfig */,
				CB019D43338B0BC31979176A /* Pods-ParstagramTests.debug.xcconfig */,
				0640BDBBB346DDEB6131A53C /* Pods-ParstagramTests.release.xcconfig */,
			);
			path = Pods;
			sourceTree = "<group>";
		};
		E110D793AB063329935F8969 /* Frameworks */ = {
			isa = PBXGroup;
			children = (
				74BE3CF300385EE36D5DC7CB /* Pods_Parstagram.framework */,
				4E4832F5E00B17BCFE8EA8CD /* Pods_Parstagram_ParstagramUITests.framework */,
				55885373CCD320B49E571882 /* Pods_ParstagramTests.framework */,
			);
			name = Frameworks;
			sourceTree = "<group>";
		};
/* End PBXGroup section */

/* Begin PBXNativeTarget section */
		4E03BEFD2543838000EFE3EF /* Parstagram */ = {
			isa = PBXNativeTarget;
			buildConfigurationList = 4E03BF282543838300EFE3EF /* Build configuration list for PBXNativeTarget "Parstagram" */;
			buildPhases = (
				698D01BA0D485CA4C8351B4F /* [CP] Check Pods Manifest.lock */,
				4E03BEFA2543838000EFE3EF /* Sources */,
				4E03BEFB2543838000EFE3EF /* Frameworks */,
				4E03BEFC2543838000EFE3EF /* Resources */,
				2EEB653FED9AF9D36F7D4F1F /* [CP] Embed Pods Frameworks */,
			);
			buildRules = (
			);
			dependencies = (
			);
			name = Parstagram;
			productName = Parstagram;
			productReference = 4E03BEFE2543838000EFE3EF /* Parstagram.app */;
			productType = "com.apple.product-type.application";
		};
		4E03BF132543838300EFE3EF /* ParstagramTests */ = {
			isa = PBXNativeTarget;
			buildConfigurationList = 4E03BF2B2543838300EFE3EF /* Build configuration list for PBXNativeTarget "ParstagramTests" */;
			buildPhases = (
				84A317D2609D8499F1B22EB1 /* [CP] Check Pods Manifest.lock */,
				4E03BF102543838300EFE3EF /* Sources */,
				4E03BF112543838300EFE3EF /* Frameworks */,
				4E03BF122543838300EFE3EF /* Resources */,
			);
			buildRules = (
			);
			dependencies = (
				4E03BF162543838300EFE3EF /* PBXTargetDependency */,
			);
			name = ParstagramTests;
			productName = ParstagramTests;
			productReference = 4E03BF142543838300EFE3EF /* ParstagramTests.xctest */;
			productType = "com.apple.product-type.bundle.unit-test";
		};
		4E03BF1E2543838300EFE3EF /* ParstagramUITests */ = {
			isa = PBXNativeTarget;
			buildConfigurationList = 4E03BF2E2543838300EFE3EF /* Build configuration list for PBXNativeTarget "ParstagramUITests" */;
			buildPhases = (
				E0F069D2DDE44F8B0D70F079 /* [CP] Check Pods Manifest.lock */,
				4E03BF1B2543838300EFE3EF /* Sources */,
				4E03BF1C2543838300EFE3EF /* Frameworks */,
				4E03BF1D2543838300EFE3EF /* Resources */,
				F7F4F643DB132AB633B9FB1C /* [CP] Embed Pods Frameworks */,
			);
			buildRules = (
			);
			dependencies = (
				4E03BF212543838300EFE3EF /* PBXTargetDependency */,
			);
			name = ParstagramUITests;
			productName = ParstagramUITests;
			productReference = 4E03BF1F2543838300EFE3EF /* ParstagramUITests.xctest */;
			productType = "com.apple.product-type.bundle.ui-testing";
		};
/* End PBXNativeTarget section */

/* Begin PBXProject section */
		4E03BEF62543837F00EFE3EF /* Project object */ = {
			isa = PBXProject;
			attributes = {
				LastSwiftUpdateCheck = 1130;
				LastUpgradeCheck = 1130;
				ORGANIZATIONNAME = codepath;
				TargetAttributes = {
					4E03BEFD2543838000EFE3EF = {
						CreatedOnToolsVersion = 11.3;
					};
					4E03BF132543838300EFE3EF = {
						CreatedOnToolsVersion = 11.3;
						TestTargetID = 4E03BEFD2543838000EFE3EF;
					};
					4E03BF1E2543838300EFE3EF = {
						CreatedOnToolsVersion = 11.3;
						TestTargetID = 4E03BEFD2543838000EFE3EF;
					};
				};
			};
			buildConfigurationList = 4E03BEF92543837F00EFE3EF /* Build configuration list for PBXProject "Parstagram" */;
			compatibilityVersion = "Xcode 9.3";
			developmentRegion = en;
			hasScannedForEncodings = 0;
			knownRegions = (
				en,
				Base,
			);
			mainGroup = 4E03BEF52543837F00EFE3EF;
			productRefGroup = 4E03BEFF2543838000EFE3EF /* Products */;
			projectDirPath = "";
			projectRoot = "";
			targets = (
				4E03BEFD2543838000EFE3EF /* Parstagram */,
				4E03BF132543838300EFE3EF /* ParstagramTests */,
				4E03BF1E2543838300EFE3EF /* ParstagramUITests */,
			);
		};
/* End PBXProject section */

/* Begin PBXResourcesBuildPhase section */
		4E03BEFC2543838000EFE3EF /* Resources */ = {
			isa = PBXResourcesBuildPhase;
			buildActionMask = 2147483647;
			files = (
				4E03BF0E2543838300EFE3EF /* LaunchScreen.storyboard in Resources */,
				4E03BF0B2543838300EFE3EF /* Assets.xcassets in Resources */,
				4E03BF092543838000EFE3EF /* Main.storyboard in Resources */,
			);
			runOnlyForDeploymentPostprocessing = 0;
		};
		4E03BF122543838300EFE3EF /* Resources */ = {
			isa = PBXResourcesBuildPhase;
			buildActionMask = 2147483647;
			files = (
			);
			runOnlyForDeploymentPostprocessing = 0;
		};
		4E03BF1D2543838300EFE3EF /* Resources */ = {
			isa = PBXResourcesBuildPhase;
			buildActionMask = 2147483647;
			files = (
			);
			runOnlyForDeploymentPostprocessing = 0;
		};
/* End PBXResourcesBuildPhase section */

/* Begin PBXShellScriptBuildPhase section */
		2EEB653FED9AF9D36F7D4F1F /* [CP] Embed Pods Frameworks */ = {
			isa = PBXShellScriptBuildPhase;
			buildActionMask = 2147483647;
			files = (
			);
			inputFileListPaths = (
				"${PODS_ROOT}/Target Support Files/Pods-Parstagram/Pods-Parstagram-frameworks-${CONFIGURATION}-input-files.xcfilelist",
			);
			name = "[CP] Embed Pods Frameworks";
			outputFileListPaths = (
				"${PODS_ROOT}/Target Support Files/Pods-Parstagram/Pods-Parstagram-frameworks-${CONFIGURATION}-output-files.xcfilelist",
			);
			runOnlyForDeploymentPostprocessing = 0;
			shellPath = /bin/sh;
			shellScript = "\"${PODS_ROOT}/Target Support Files/Pods-Parstagram/Pods-Parstagram-frameworks.sh\"\n";
			showEnvVarsInLog = 0;
		};
		698D01BA0D485CA4C8351B4F /* [CP] Check Pods Manifest.lock */ = {
			isa = PBXShellScriptBuildPhase;
			buildActionMask = 2147483647;
			files = (
			);
			inputFileListPaths = (
			);
			inputPaths = (
				"${PODS_PODFILE_DIR_PATH}/Podfile.lock",
				"${PODS_ROOT}/Manifest.lock",
			);
			name = "[CP] Check Pods Manifest.lock";
			outputFileListPaths = (
			);
			outputPaths = (
				"$(DERIVED_FILE_DIR)/Pods-Parstagram-checkManifestLockResult.txt",
			);
			runOnlyForDeploymentPostprocessing = 0;
			shellPath = /bin/sh;
			shellScript = "diff \"${PODS_PODFILE_DIR_PATH}/Podfile.lock\" \"${PODS_ROOT}/Manifest.lock\" > /dev/null\nif [ $? != 0 ] ; then\n    # print error to STDERR\n    echo \"error: The sandbox is not in sync with the Podfile.lock. Run 'pod install' or update your CocoaPods installation.\" >&2\n    exit 1\nfi\n# This output is used by Xcode 'outputs' to avoid re-running this script phase.\necho \"SUCCESS\" > \"${SCRIPT_OUTPUT_FILE_0}\"\n";
			showEnvVarsInLog = 0;
		};
		84A317D2609D8499F1B22EB1 /* [CP] Check Pods Manifest.lock */ = {
			isa = PBXShellScriptBuildPhase;
			buildActionMask = 2147483647;
			files = (
			);
			inputFileListPaths = (
			);
			inputPaths = (
				"${PODS_PODFILE_DIR_PATH}/Podfile.lock",
				"${PODS_ROOT}/Manifest.lock",
			);
			name = "[CP] Check Pods Manifest.lock";
			outputFileListPaths = (
			);
			outputPaths = (
				"$(DERIVED_FILE_DIR)/Pods-ParstagramTests-checkManifestLockResult.txt",
			);
			runOnlyForDeploymentPostprocessing = 0;
			shellPath = /bin/sh;
			shellScript = "diff \"${PODS_PODFILE_DIR_PATH}/Podfile.lock\" \"${PODS_ROOT}/Manifest.lock\" > /dev/null\nif [ $? != 0 ] ; then\n    # print error to STDERR\n    echo \"error: The sandbox is not in sync with the Podfile.lock. Run 'pod install' or update your CocoaPods installation.\" >&2\n    exit 1\nfi\n# This output is used by Xcode 'outputs' to avoid re-running this script phase.\necho \"SUCCESS\" > \"${SCRIPT_OUTPUT_FILE_0}\"\n";
			showEnvVarsInLog = 0;
		};
		E0F069D2DDE44F8B0D70F079 /* [CP] Check Pods Manifest.lock */ = {
			isa = PBXShellScriptBuildPhase;
			buildActionMask = 2147483647;
			files = (
			);
			inputFileListPaths = (
			);
			inputPaths = (
				"${PODS_PODFILE_DIR_PATH}/Podfile.lock",
				"${PODS_ROOT}/Manifest.lock",
			);
			name = "[CP] Check Pods Manifest.lock";
			outputFileListPaths = (
			);
			outputPaths = (
				"$(DERIVED_FILE_DIR)/Pods-Parstagram-ParstagramUITests-checkManifestLockResult.txt",
			);
			runOnlyForDeploymentPostprocessing = 0;
			shellPath = /bin/sh;
			shellScript = "diff \"${PODS_PODFILE_DIR_PATH}/Podfile.lock\" \"${PODS_ROOT}/Manifest.lock\" > /dev/null\nif [ $? != 0 ] ; then\n    # print error to STDERR\n    echo \"error: The sandbox is not in sync with the Podfile.lock. Run 'pod install' or update your CocoaPods installation.\" >&2\n    exit 1\nfi\n# This output is used by Xcode 'outputs' to avoid re-running this script phase.\necho \"SUCCESS\" > \"${SCRIPT_OUTPUT_FILE_0}\"\n";
			showEnvVarsInLog = 0;
		};
		F7F4F643DB132AB633B9FB1C /* [CP] Embed Pods Frameworks */ = {
			isa = PBXShellScriptBuildPhase;
			buildActionMask = 2147483647;
			files = (
			);
			inputFileListPaths = (
				"${PODS_ROOT}/Target Support Files/Pods-Parstagram-ParstagramUITests/Pods-Parstagram-ParstagramUITests-frameworks-${CONFIGURATION}-input-files.xcfilelist",
			);
			name = "[CP] Embed Pods Frameworks";
			outputFileListPaths = (
				"${PODS_ROOT}/Target Support Files/Pods-Parstagram-ParstagramUITests/Pods-Parstagram-ParstagramUITests-frameworks-${CONFIGURATION}-output-files.xcfilelist",
			);
			runOnlyForDeploymentPostprocessing = 0;
			shellPath = /bin/sh;
			shellScript = "\"${PODS_ROOT}/Target Support Files/Pods-Parstagram-ParstagramUITests/Pods-Parstagram-ParstagramUITests-frameworks.sh\"\n";
			showEnvVarsInLog = 0;
		};
/* End PBXShellScriptBuildPhase section */

/* Begin PBXSourcesBuildPhase section */
		4E03BEFA2543838000EFE3EF /* Sources */ = {
			isa = PBXSourcesBuildPhase;
			buildActionMask = 2147483647;
			files = (
				4E03BF322543880000EFE3EF /* LoginViewController.swift in Sources */,
				4E03BF362543911C00EFE3EF /* CameraViewController.swift in Sources */,
				4E03BF022543838000EFE3EF /* AppDelegate.swift in Sources */,
				4E03BF342543881C00EFE3EF /* FeedViewController.swift in Sources */,
				4E03BF042543838000EFE3EF /* SceneDelegate.swift in Sources */,
				4E03BF3825439FF800EFE3EF /* PostCell.swift in Sources */,
				4E979C12254CA2F400244AFC /* CommentCell.swift in Sources */,
			);
			runOnlyForDeploymentPostprocessing = 0;
		};
		4E03BF102543838300EFE3EF /* Sources */ = {
			isa = PBXSourcesBuildPhase;
			buildActionMask = 2147483647;
			files = (
				4E03BF192543838300EFE3EF /* ParstagramTests.swift in Sources */,
			);
			runOnlyForDeploymentPostprocessing = 0;
		};
		4E03BF1B2543838300EFE3EF /* Sources */ = {
			isa = PBXSourcesBuildPhase;
			buildActionMask = 2147483647;
			files = (
				4E03BF242543838300EFE3EF /* ParstagramUITests.swift in Sources */,
			);
			runOnlyForDeploymentPostprocessing = 0;
		};
/* End PBXSourcesBuildPhase section */

/* Begin PBXTargetDependency section */
		4E03BF162543838300EFE3EF /* PBXTargetDependency */ = {
			isa = PBXTargetDependency;
			target = 4E03BEFD2543838000EFE3EF /* Parstagram */;
			targetProxy = 4E03BF152543838300EFE3EF /* PBXContainerItemProxy */;
		};
		4E03BF212543838300EFE3EF /* PBXTargetDependency */ = {
			isa = PBXTargetDependency;
			target = 4E03BEFD2543838000EFE3EF /* Parstagram */;
			targetProxy = 4E03BF202543838300EFE3EF /* PBXContainerItemProxy */;
		};
/* End PBXTargetDependency section */

/* Begin PBXVariantGroup section */
		4E03BF072543838000EFE3EF /* Main.storyboard */ = {
			isa = PBXVariantGroup;
			children = (
				4E03BF082543838000EFE3EF /* Base */,
			);
			name = Main.storyboard;
			sourceTree = "<group>";
		};
		4E03BF0C2543838300EFE3EF /* LaunchScreen.storyboard */ = {
			isa = PBXVariantGroup;
			children = (
				4E03BF0D2543838300EFE3EF /* Base */,
			);
			name = LaunchScreen.storyboard;
			sourceTree = "<group>";
		};
/* End PBXVariantGroup section */

/* Begin XCBuildConfiguration section */
		4E03BF262543838300EFE3EF /* Debug */ = {
			isa = XCBuildConfiguration;
			buildSettings = {
				ALWAYS_SEARCH_USER_PATHS = NO;
				CLANG_ANALYZER_NONNULL = YES;
				CLANG_ANALYZER_NUMBER_OBJECT_CONVERSION = YES_AGGRESSIVE;
				CLANG_CXX_LANGUAGE_STANDARD = "gnu++14";
				CLANG_CXX_LIBRARY = "libc++";
				CLANG_ENABLE_MODULES = YES;
				CLANG_ENABLE_OBJC_ARC = YES;
				CLANG_ENABLE_OBJC_WEAK = YES;
				CLANG_WARN_BLOCK_CAPTURE_AUTORELEASING = YES;
				CLANG_WARN_BOOL_CONVERSION = YES;
				CLANG_WARN_COMMA = YES;
				CLANG_WARN_CONSTANT_CONVERSION = YES;
				CLANG_WARN_DEPRECATED_OBJC_IMPLEMENTATIONS = YES;
				CLANG_WARN_DIRECT_OBJC_ISA_USAGE = YES_ERROR;
				CLANG_WARN_DOCUMENTATION_COMMENTS = YES;
				CLANG_WARN_EMPTY_BODY = YES;
				CLANG_WARN_ENUM_CONVERSION = YES;
				CLANG_WARN_INFINITE_RECURSION = YES;
				CLANG_WARN_INT_CONVERSION = YES;
				CLANG_WARN_NON_LITERAL_NULL_CONVERSION = YES;
				CLANG_WARN_OBJC_IMPLICIT_RETAIN_SELF = YES;
				CLANG_WARN_OBJC_LITERAL_CONVERSION = YES;
				CLANG_WARN_OBJC_ROOT_CLASS = YES_ERROR;
				CLANG_WARN_RANGE_LOOP_ANALYSIS = YES;
				CLANG_WARN_STRICT_PROTOTYPES = YES;
				CLANG_WARN_SUSPICIOUS_MOVE = YES;
				CLANG_WARN_UNGUARDED_AVAILABILITY = YES_AGGRESSIVE;
				CLANG_WARN_UNREACHABLE_CODE = YES;
				CLANG_WARN__DUPLICATE_METHOD_MATCH = YES;
				COPY_PHASE_STRIP = NO;
				DEBUG_INFORMATION_FORMAT = dwarf;
				ENABLE_STRICT_OBJC_MSGSEND = YES;
				ENABLE_TESTABILITY = YES;
				GCC_C_LANGUAGE_STANDARD = gnu11;
				GCC_DYNAMIC_NO_PIC = NO;
				GCC_NO_COMMON_BLOCKS = YES;
				GCC_OPTIMIZATION_LEVEL = 0;
				GCC_PREPROCESSOR_DEFINITIONS = (
					"DEBUG=1",
					"$(inherited)",
				);
				GCC_WARN_64_TO_32_BIT_CONVERSION = YES;
				GCC_WARN_ABOUT_RETURN_TYPE = YES_ERROR;
				GCC_WARN_UNDECLARED_SELECTOR = YES;
				GCC_WARN_UNINITIALIZED_AUTOS = YES_AGGRESSIVE;
				GCC_WARN_UNUSED_FUNCTION = YES;
				GCC_WARN_UNUSED_VARIABLE = YES;
				IPHONEOS_DEPLOYMENT_TARGET = 13.2;
				MTL_ENABLE_DEBUG_INFO = INCLUDE_SOURCE;
				MTL_FAST_MATH = YES;
				ONLY_ACTIVE_ARCH = YES;
				SDKROOT = iphoneos;
				SWIFT_ACTIVE_COMPILATION_CONDITIONS = DEBUG;
				SWIFT_OPTIMIZATION_LEVEL = "-Onone";
			};
			name = Debug;
		};
		4E03BF272543838300EFE3EF /* Release */ = {
			isa = XCBuildConfiguration;
			buildSettings = {
				ALWAYS_SEARCH_USER_PATHS = NO;
				CLANG_ANALYZER_NONNULL = YES;
				CLANG_ANALYZER_NUMBER_OBJECT_CONVERSION = YES_AGGRESSIVE;
				CLANG_CXX_LANGUAGE_STANDARD = "gnu++14";
				CLANG_CXX_LIBRARY = "libc++";
				CLANG_ENABLE_MODULES = YES;
				CLANG_ENABLE_OBJC_ARC = YES;
				CLANG_ENABLE_OBJC_WEAK = YES;
				CLANG_WARN_BLOCK_CAPTURE_AUTORELEASING = YES;
				CLANG_WARN_BOOL_CONVERSION = YES;
				CLANG_WARN_COMMA = YES;
				CLANG_WARN_CONSTANT_CONVERSION = YES;
				CLANG_WARN_DEPRECATED_OBJC_IMPLEMENTATIONS = YES;
				CLANG_WARN_DIRECT_OBJC_ISA_USAGE = YES_ERROR;
				CLANG_WARN_DOCUMENTATION_COMMENTS = YES;
				CLANG_WARN_EMPTY_BODY = YES;
				CLANG_WARN_ENUM_CONVERSION = YES;
				CLANG_WARN_INFINITE_RECURSION = YES;
				CLANG_WARN_INT_CONVERSION = YES;
				CLANG_WARN_NON_LITERAL_NULL_CONVERSION = YES;
				CLANG_WARN_OBJC_IMPLICIT_RETAIN_SELF = YES;
				CLANG_WARN_OBJC_LITERAL_CONVERSION = YES;
				CLANG_WARN_OBJC_ROOT_CLASS = YES_ERROR;
				CLANG_WARN_RANGE_LOOP_ANALYSIS = YES;
				CLANG_WARN_STRICT_PROTOTYPES = YES;
				CLANG_WARN_SUSPICIOUS_MOVE = YES;
				CLANG_WARN_UNGUARDED_AVAILABILITY = YES_AGGRESSIVE;
				CLANG_WARN_UNREACHABLE_CODE = YES;
				CLANG_WARN__DUPLICATE_METHOD_MATCH = YES;
				COPY_PHASE_STRIP = NO;
				DEBUG_INFORMATION_FORMAT = "dwarf-with-dsym";
				ENABLE_NS_ASSERTIONS = NO;
				ENABLE_STRICT_OBJC_MSGSEND = YES;
				GCC_C_LANGUAGE_STANDARD = gnu11;
				GCC_NO_COMMON_BLOCKS = YES;
				GCC_WARN_64_TO_32_BIT_CONVERSION = YES;
				GCC_WARN_ABOUT_RETURN_TYPE = YES_ERROR;
				GCC_WARN_UNDECLARED_SELECTOR = YES;
				GCC_WARN_UNINITIALIZED_AUTOS = YES_AGGRESSIVE;
				GCC_WARN_UNUSED_FUNCTION = YES;
				GCC_WARN_UNUSED_VARIABLE = YES;
				IPHONEOS_DEPLOYMENT_TARGET = 13.2;
				MTL_ENABLE_DEBUG_INFO = NO;
				MTL_FAST_MATH = YES;
				SDKROOT = iphoneos;
				SWIFT_COMPILATION_MODE = wholemodule;
				SWIFT_OPTIMIZATION_LEVEL = "-O";
				VALIDATE_PRODUCT = YES;
			};
			name = Release;
		};
		4E03BF292543838300EFE3EF /* Debug */ = {
			isa = XCBuildConfiguration;
			baseConfigurationReference = 34F69C5406335450C8E6CC5E /* Pods-Parstagram.debug.xcconfig */;
			buildSettings = {
				ASSETCATALOG_COMPILER_APPICON_NAME = AppIcon;
				CODE_SIGN_STYLE = Automatic;
				DEVELOPMENT_TEAM = X896QMT6NF;
				INFOPLIST_FILE = Parstagram/Info.plist;
				LD_RUNPATH_SEARCH_PATHS = (
					"$(inherited)",
					"@executable_path/Frameworks",
				);
				PRODUCT_BUNDLE_IDENTIFIER = com.param.Parstagram;
				PRODUCT_NAME = "$(TARGET_NAME)";
				SWIFT_VERSION = 5.0;
				TARGETED_DEVICE_FAMILY = "1,2";
			};
			name = Debug;
		};
		4E03BF2A2543838300EFE3EF /* Release */ = {
			isa = XCBuildConfiguration;
			baseConfigurationReference = AAFD815C4739D90854B74853 /* Pods-Parstagram.release.xcconfig */;
			buildSettings = {
				ASSETCATALOG_COMPILER_APPICON_NAME = AppIcon;
				CODE_SIGN_STYLE = Automatic;
				DEVELOPMENT_TEAM = X896QMT6NF;
				INFOPLIST_FILE = Parstagram/Info.plist;
				LD_RUNPATH_SEARCH_PATHS = (
					"$(inherited)",
					"@executable_path/Frameworks",
				);
				PRODUCT_BUNDLE_IDENTIFIER = com.param.Parstagram;
				PRODUCT_NAME = "$(TARGET_NAME)";
				SWIFT_VERSION = 5.0;
				TARGETED_DEVICE_FAMILY = "1,2";
			};
			name = Release;
		};
		4E03BF2C2543838300EFE3EF /* Debug */ = {
			isa = XCBuildConfiguration;
			baseConfigurationReference = CB019D43338B0BC31979176A /* Pods-ParstagramTests.debug.xcconfig */;
			buildSettings = {
				ALWAYS_EMBED_SWIFT_STANDARD_LIBRARIES = YES;
				BUNDLE_LOADER = "$(TEST_HOST)";
				CODE_SIGN_STYLE = Automatic;
				INFOPLIST_FILE = ParstagramTests/Info.plist;
				IPHONEOS_DEPLOYMENT_TARGET = 13.2;
				LD_RUNPATH_SEARCH_PATHS = (
					"$(inherited)",
					"@executable_path/Frameworks",
					"@loader_path/Frameworks",
				);
				PRODUCT_BUNDLE_IDENTIFIER = com.param.ParstagramTests;
				PRODUCT_NAME = "$(TARGET_NAME)";
				SWIFT_VERSION = 5.0;
				TARGETED_DEVICE_FAMILY = "1,2";
				TEST_HOST = "$(BUILT_PRODUCTS_DIR)/Parstagram.app/Parstagram";
			};
			name = Debug;
		};
		4E03BF2D2543838300EFE3EF /* Release */ = {
			isa = XCBuildConfiguration;
			baseConfigurationReference = 0640BDBBB346DDEB6131A53C /* Pods-ParstagramTests.release.xcconfig */;
			buildSettings = {
				ALWAYS_EMBED_SWIFT_STANDARD_LIBRARIES = YES;
				BUNDLE_LOADER = "$(TEST_HOST)";
				CODE_SIGN_STYLE = Automatic;
				INFOPLIST_FILE = ParstagramTests/Info.plist;
				IPHONEOS_DEPLOYMENT_TARGET = 13.2;
				LD_RUNPATH_SEARCH_PATHS = (
					"$(inherited)",
					"@executable_path/Frameworks",
					"@loader_path/Frameworks",
				);
				PRODUCT_BUNDLE_IDENTIFIER = com.param.ParstagramTests;
				PRODUCT_NAME = "$(TARGET_NAME)";
				SWIFT_VERSION = 5.0;
				TARGETED_DEVICE_FAMILY = "1,2";
				TEST_HOST = "$(BUILT_PRODUCTS_DIR)/Parstagram.app/Parstagram";
			};
			name = Release;
		};
		4E03BF2F2543838300EFE3EF /* Debug */ = {
			isa = XCBuildConfiguration;
			baseConfigurationReference = F780A0A9355B6705CD05C609 /* Pods-Parstagram-ParstagramUITests.debug.xcconfig */;
			buildSettings = {
				ALWAYS_EMBED_SWIFT_STANDARD_LIBRARIES = YES;
				CODE_SIGN_STYLE = Automatic;
				INFOPLIST_FILE = ParstagramUITests/Info.plist;
				LD_RUNPATH_SEARCH_PATHS = (
					"$(inherited)",
					"@executable_path/Frameworks",
					"@loader_path/Frameworks",
				);
				PRODUCT_BUNDLE_IDENTIFIER = com.param.ParstagramUITests;
				PRODUCT_NAME = "$(TARGET_NAME)";
				SWIFT_VERSION = 5.0;
				TARGETED_DEVICE_FAMILY = "1,2";
				TEST_TARGET_NAME = Parstagram;
			};
			name = Debug;
		};
		4E03BF302543838300EFE3EF /* Release */ = {
			isa = XCBuildConfiguration;
			baseConfigurationReference = 7E588ADBE53834E0F34016A8 /* Pods-Parstagram-ParstagramUITests.release.xcconfig */;
			buildSettings = {
				ALWAYS_EMBED_SWIFT_STANDARD_LIBRARIES = YES;
				CODE_SIGN_STYLE = Automatic;
				INFOPLIST_FILE = ParstagramUITests/Info.plist;
				LD_RUNPATH_SEARCH_PATHS = (
					"$(inherited)",
					"@executable_path/Frameworks",
					"@loader_path/Frameworks",
				);
				PRODUCT_BUNDLE_IDENTIFIER = com.param.ParstagramUITests;
				PRODUCT_NAME = "$(TARGET_NAME)";
				SWIFT_VERSION = 5.0;
				TARGETED_DEVICE_FAMILY = "1,2";
				TEST_TARGET_NAME = Parstagram;
			};
			name = Release;
		};
/* End XCBuildConfiguration section */

/* Begin XCConfigurationList section */
		4E03BEF92543837F00EFE3EF /* Build configuration list for PBXProject "Parstagram" */ = {
			isa = XCConfigurationList;
			buildConfigurations = (
				4E03BF262543838300EFE3EF /* Debug */,
				4E03BF272543838300EFE3EF /* Release */,
			);
			defaultConfigurationIsVisible = 0;
			defaultConfigurationName = Release;
		};
		4E03BF282543838300EFE3EF /* Build configuration list for PBXNativeTarget "Parstagram" */ = {
			isa = XCConfigurationList;
			buildConfigurations = (
				4E03BF292543838300EFE3EF /* Debug */,
				4E03BF2A2543838300EFE3EF /* Release */,
			);
			defaultConfigurationIsVisible = 0;
			defaultConfigurationName = Release;
		};
		4E03BF2B2543838300EFE3EF /* Build configuration list for PBXNativeTarget "ParstagramTests" */ = {
			isa = XCConfigurationList;
			buildConfigurations = (
				4E03BF2C2543838300EFE3EF /* Debug */,
				4E03BF2D2543838300EFE3EF /* Release */,
			);
			defaultConfigurationIsVisible = 0;
			defaultConfigurationName = Release;
		};
		4E03BF2E2543838300EFE3EF /* Build configuration list for PBXNativeTarget "ParstagramUITests" */ = {
			isa = XCConfigurationList;
			buildConfigurations = (
				4E03BF2F2543838300EFE3EF /* Debug */,
				4E03BF302543838300EFE3EF /* Release */,
			);
			defaultConfigurationIsVisible = 0;
			defaultConfigurationName = Release;
		};
/* End XCConfigurationList section */
	};
	rootObject = 4E03BEF62543837F00EFE3EF /* Project object */;
}
